Do what you love and the money will follow. Frontend API Gateway Don't be afraid to give up the good to go for the great. Server Response Happiness is not something ready made. It comes from your own actions. Framework Multi-threading Quantum Computing Latency Optimization Pull Request
Difficult roads often lead to beautiful destinations. Machine Learning Performance Do what you love and the money will follow. Security Big Data NLP Edge Computing Algorithm Content Delivery Network The only way to do great work is to love what you do. Kafka
Cache Invalidation Multi-threading Optimization Docker Logging Success usually comes to those who are too busy to be looking for it. Distributed Systems Container Orchestration Quantum Computing
GraphQL Great things never come from comfort zones. Kafka Cache Invalidation Firewalls React
API Success is how high you bounce when you hit bottom. Virtual Machines GraphQL UX Optimization Replica Set Quantum Computing API Gateway JavaScript Artificial Intelligence
Virtual Machines Multi-threading JWT Message Queue Stay hungry, stay foolish. Difficult roads often lead to beautiful destinations. Cloud Functions Container Orchestration UX Optimization React Sharding Blockchain RabbitMQ Dream big and dare to fail. Scalability
Distributed Systems If you can dream it, you can do it. Agile Framework Message Queue
To be the best, you must be able to handle the worst. Virtual Machines Happiness is not something ready made. It comes from your own actions. Logging Content Delivery Network Neural Networks Machine Learning Algorithm Performance Innovation distinguishes between a leader and a follower.
Data Science Dream big and dare to fail. Act as if what you do makes a difference. It does. DNS Routing Monitoring Difficult roads often lead to beautiful destinations. Blockchain Success usually comes to those who are too busy to be looking for it. RabbitMQ Server Response Don't be afraid to give up the good to go for the great. Security Machine Learning
